
Microsoft Visual Studio Solution File, Format Version 12.00
# Visual Studio Version 17
VisualStudioVersion = 17.1.32407.343
MinimumVisualStudioVersion = 10.0.40219.1
Project("{2150E333-8FDC-42A3-9474-1A3956D46DE8}") = "SOLID", "SOLID", "{17FF49D5-7BEB-4A4B-B744-A478EC57B08F}"
EndProject
Project("{FAE04EC0-301F-11D3-BF4B-00C04F79EFBC}") = "SOLID_SingleResponsibilityPrincipe", "SOLID_SingleResponsibilityPrincipe\SOLID_SingleResponsibilityPrincipe.csproj", "{15BDB68F-BB58-462A-9DC2-FB518C414A2A}"
EndProject
Project("{FAE04EC0-301F-11D3-BF4B-00C04F79EFBC}") = "SOLID_OpenClosePrincipe", "SOLID_OpenClosePrincipe\SOLID_OpenClosePrincipe.csproj", "{BBEFD06F-A64C-493E-B53E-32AF181FC076}"
EndProject
Project("{FAE04EC0-301F-11D3-BF4B-00C04F79EFBC}") = "SOLID_LizkovischesPrinzip", "SOLID_LizkovischesPrinzip\SOLID_LizkovischesPrinzip.csproj", "{92650AFB-C96C-4329-9458-44C6AAC835F6}"
EndProject
Project("{FAE04EC0-301F-11D3-BF4B-00C04F79EFBC}") = "SOLID_Infertace_Segeration_Principe", "SOLID_Infertace_Segeration_Principe\SOLID_Infertace_Segeration_Principe.csproj", "{94AA0F26-A83F-47D6-A079-802A44BA68E8}"
EndProject
Project("{FAE04EC0-301F-11D3-BF4B-00C04F79EFBC}") = "SOLID_DependencyInversion", "SOLID_DependencyInversion\SOLID_DependencyInversion.csproj", "{C8F8B210-C44C-4269-B420-B90E24E79179}"
EndProject
Project("{2150E333-8FDC-42A3-9474-1A3956D46DE8}") = "IOCContainerInASPNETCore", "IOCContainerInASPNETCore", "{6C125677-62AE-499E-B1C8-B3F57AB2E77C}"
EndProject
Project("{FAE04EC0-301F-11D3-BF4B-00C04F79EFBC}") = "IOCSampleInConsole", "IOCSampleInConsole\IOCSampleInConsole.csproj", "{02C3EAC5-C8F2-45E4-AACC-3EC1B6A47081}"
EndProject
Project("{2150E333-8FDC-42A3-9474-1A3956D46DE8}") = "ASPNETCore", "ASPNETCore", "{D4993BBB-729A-4540-B57E-5500D52D69EE}"
EndProject
Project("{FAE04EC0-301F-11D3-BF4B-00C04F79EFBC}") = "ASPNETCore_RazorPages", "ASPNETCore_RazorPages\ASPNETCore_RazorPages.csproj", "{AFA371CB-7524-42A2-95F2-269DF30AB605}"
EndProject
Project("{FAE04EC0-301F-11D3-BF4B-00C04F79EFBC}") = "ASPNETCore_RazorPagesNET5", "ASPNETCore_RazorPagesNET5\ASPNETCore_RazorPagesNET5.csproj", "{752BCBDF-72EE-46CE-B7AC-6C033FA7F3EE}"
EndProject
Global
	GlobalSection(SolutionConfigurationPlatforms) = preSolution
		Debug|Any CPU = Debug|Any CPU
		Release|Any CPU = Release|Any CPU
	EndGlobalSection
	GlobalSection(ProjectConfigurationPlatforms) = postSolution
		{15BDB68F-BB58-462A-9DC2-FB518C414A2A}.Debug|Any CPU.ActiveCfg = Debug|Any CPU
		{15BDB68F-BB58-462A-9DC2-FB518C414A2A}.Debug|Any CPU.Build.0 = Debug|Any CPU
		{15BDB68F-BB58-462A-9DC2-FB518C414A2A}.Release|Any CPU.ActiveCfg = Release|Any CPU
		{15BDB68F-BB58-462A-9DC2-FB518C414A2A}.Release|Any CPU.Build.0 = Release|Any CPU
		{BBEFD06F-A64C-493E-B53E-32AF181FC076}.Debug|Any CPU.ActiveCfg = Debug|Any CPU
		{BBEFD06F-A64C-493E-B53E-32AF181FC076}.Debug|Any CPU.Build.0 = Debug|Any CPU
		{BBEFD06F-A64C-493E-B53E-32AF181FC076}.Release|Any CPU.ActiveCfg = Release|Any CPU
		{BBEFD06F-A64C-493E-B53E-32AF181FC076}.Release|Any CPU.Build.0 = Release|Any CPU
		{92650AFB-C96C-4329-9458-44C6AAC835F6}.Debug|Any CPU.ActiveCfg = Debug|Any CPU
		{92650AFB-C96C-4329-9458-44C6AAC835F6}.Debug|Any CPU.Build.0 = Debug|Any CPU
		{92650AFB-C96C-4329-9458-44C6AAC835F6}.Release|Any CPU.ActiveCfg = Release|Any CPU
		{92650AFB-C96C-4329-9458-44C6AAC835F6}.Release|Any CPU.Build.0 = Release|Any CPU
		{94AA0F26-A83F-47D6-A079-802A44BA68E8}.Debug|Any CPU.ActiveCfg = Debug|Any CPU
		{94AA0F26-A83F-47D6-A079-802A44BA68E8}.Debug|Any CPU.Build.0 = Debug|Any CPU
		{94AA0F26-A83F-47D6-A079-802A44BA68E8}.Release|Any CPU.ActiveCfg = Release|Any CPU
		{94AA0F26-A83F-47D6-A079-802A44BA68E8}.Release|Any CPU.Build.0 = Release|Any CPU
		{C8F8B210-C44C-4269-B420-B90E24E79179}.Debug|Any CPU.ActiveCfg = Debug|Any CPU
		{C8F8B210-C44C-4269-B420-B90E24E79179}.Debug|Any CPU.Build.0 = Debug|Any CPU
		{C8F8B210-C44C-4269-B420-B90E24E79179}.Release|Any CPU.ActiveCfg = Release|Any CPU
		{C8F8B210-C44C-4269-B420-B90E24E79179}.Release|Any CPU.Build.0 = Release|Any CPU
		{02C3EAC5-C8F2-45E4-AACC-3EC1B6A47081}.Debug|Any CPU.ActiveCfg = Debug|Any CPU
		{02C3EAC5-C8F2-45E4-AACC-3EC1B6A47081}.Debug|Any CPU.Build.0 = Debug|Any CPU
		{02C3EAC5-C8F2-45E4-AACC-3EC1B6A47081}.Release|Any CPU.ActiveCfg = Release|Any CPU
		{02C3EAC5-C8F2-45E4-AACC-3EC1B6A47081}.Release|Any CPU.Build.0 = Release|Any CPU
		{AFA371CB-7524-42A2-95F2-269DF30AB605}.Debug|Any CPU.ActiveCfg = Debug|Any CPU
		{AFA371CB-7524-42A2-95F2-269DF30AB605}.Debug|Any CPU.Build.0 = Debug|Any CPU
		{AFA371CB-7524-42A2-95F2-269DF30AB605}.Release|Any CPU.ActiveCfg = Release|Any CPU
		{AFA371CB-7524-42A2-95F2-269DF30AB605}.Release|Any CPU.Build.0 = Release|Any CPU
		{752BCBDF-72EE-46CE-B7AC-6C033FA7F3EE}.Debug|Any CPU.ActiveCfg = Debug|Any CPU
		{752BCBDF-72EE-46CE-B7AC-6C033FA7F3EE}.Debug|Any CPU.Build.0 = Debug|Any CPU
		{752BCBDF-72EE-46CE-B7AC-6C033FA7F3EE}.Release|Any CPU.ActiveCfg = Release|Any CPU
		{752BCBDF-72EE-46CE-B7AC-6C033FA7F3EE}.Release|Any CPU.Build.0 = Release|Any CPU
	EndGlobalSection
	GlobalSection(SolutionProperties) = preSolution
		HideSolutionNode = FALSE
	EndGlobalSection
	GlobalSection(NestedProjects) = preSolution
		{15BDB68F-BB58-462A-9DC2-FB518C414A2A} = {17FF49D5-7BEB-4A4B-B744-A478EC57B08F}
		{BBEFD06F-A64C-493E-B53E-32AF181FC076} = {17FF49D5-7BEB-4A4B-B744-A478EC57B08F}
		{92650AFB-C96C-4329-9458-44C6AAC835F6} = {17FF49D5-7BEB-4A4B-B744-A478EC57B08F}
		{94AA0F26-A83F-47D6-A079-802A44BA68E8} = {17FF49D5-7BEB-4A4B-B744-A478EC57B08F}
		{C8F8B210-C44C-4269-B420-B90E24E79179} = {17FF49D5-7BEB-4A4B-B744-A478EC57B08F}
		{02C3EAC5-C8F2-45E4-AACC-3EC1B6A47081} = {6C125677-62AE-499E-B1C8-B3F57AB2E77C}
		{AFA371CB-7524-42A2-95F2-269DF30AB605} = {D4993BBB-729A-4540-B57E-5500D52D69EE}
		{752BCBDF-72EE-46CE-B7AC-6C033FA7F3EE} = {D4993BBB-729A-4540-B57E-5500D52D69EE}
	EndGlobalSection
	GlobalSection(ExtensibilityGlobals) = postSolution
		SolutionGuid = {FC5E7228-7B47-486C-AB4D-F2E2E516D950}
	EndGlobalSection
EndGlobal
